{
  "version": 4,
  "terraform_version": "1.4.6",
  "serial": 30,
  "lineage": "fdec7917-a1ac-88b9-8437-497e8abd0771",
  "outputs": {
    "http_80": {
      "value": "http://elb-nginx-761406273.us-east-1.elb.amazonaws.com",
      "type": "string"
    },
    "http_8080": {
      "value": "http://elb-nginx-761406273.us-east-1.elb.amazonaws.com:8080",
      "type": "string"
    }
  },
  "resources": [
    {
      "mode": "managed",
      "type": "aws_autoscaling_attachment",
      "name": "asg_attachment_lb",
      "provider": "provider[\"registry.terraform.io/hashicorp/aws\"]",
      "instances": [
        {
          "schema_version": 0,
          "attributes": {
            "alb_target_group_arn": "arn:aws:elasticloadbalancing:us-east-1:271102177601:targetgroup/tg-nginx/2020c2f4e66ccef9",
            "autoscaling_group_name": "terraform-20230506235743361800000003",
            "elb": null,
            "id": "terraform-20230506235743361800000003-20230507000042265400000004"
          },
          "sensitive_attributes": [],
          "private": "bnVsbA==",
          "dependencies": [
            "aws_autoscaling_group.as-ubuntu",
            "aws_launch_template.asg-template-t2micro",
            "aws_lb.load_balancer",
            "aws_lb_target_group.lb_target",
            "aws_security_group.sg_lb",
            "aws_security_group.sg_service"
          ]
        }
      ]
    },
    {
      "mode": "managed",
      "type": "aws_autoscaling_group",
      "name": "as-ubuntu",
      "provider": "provider[\"registry.terraform.io/hashicorp/aws\"]",
      "instances": [
        {
          "schema_version": 0,
          "attributes": {
            "arn": "arn:aws:autoscaling:us-east-1:271102177601:autoScalingGroup:48504e50-15da-4adf-97ab-34c50cdc2ef1:autoScalingGroupName/terraform-20230506235743361800000003",
            "availability_zones": [
              "us-east-1b",
              "us-east-1c",
              "us-east-1e"
            ],
            "capacity_rebalance": false,
            "default_cooldown": 300,
            "desired_capacity": 3,
            "enabled_metrics": null,
            "force_delete": false,
            "force_delete_warm_pool": false,
            "health_check_grace_period": 300,
            "health_check_type": "EC2",
            "id": "terraform-20230506235743361800000003",
            "initial_lifecycle_hook": [],
            "instance_refresh": [],
            "launch_configuration": "",
            "launch_template": [
              {
                "id": "lt-0d1281e0fdffdb1d3",
                "name": "asg-nginx-t2micro20230506235741860500000001",
                "version": "1"
              }
            ],
            "load_balancers": null,
            "max_instance_lifetime": 0,
            "max_size": 3,
            "metrics_granularity": "1Minute",
            "min_elb_capacity": null,
            "min_size": 3,
            "mixed_instances_policy": [],
            "name": "terraform-20230506235743361800000003",
            "name_prefix": "terraform-",
            "placement_group": "",
            "protect_from_scale_in": false,
            "service_linked_role_arn": "arn:aws:iam::271102177601:role/aws-service-role/autoscaling.amazonaws.com/AWSServiceRoleForAutoScaling",
            "suspended_processes": null,
            "tag": [
              {
                "key": "Name",
                "propagate_at_launch": true,
                "value": "NODO-ASG"
              }
            ],
            "tags": null,
            "target_group_arns": null,
            "termination_policies": null,
            "timeouts": null,
            "vpc_zone_identifier": [
              "subnet-0125797a3800ec988",
              "subnet-0248e948caf00b94a",
              "subnet-066e72b702bd0a46a"
            ],
            "wait_for_capacity_timeout": "10m",
            "wait_for_elb_capacity": null,
            "warm_pool": []
          },
          "sensitive_attributes": [],
          "private": "eyJlMmJmYjczMC1lY2FhLTExZTYtOGY4OC0zNDM2M2JjN2M0YzAiOnsiZGVsZXRlIjo2MDAwMDAwMDAwMDB9fQ==",
          "dependencies": [
            "aws_launch_template.asg-template-t2micro",
            "aws_security_group.sg_lb",
            "aws_security_group.sg_service"
          ]
        }
      ]
    },
    {
      "mode": "managed",
      "type": "aws_launch_template",
      "name": "asg-template-t2micro",
      "provider": "provider[\"registry.terraform.io/hashicorp/aws\"]",
      "instances": [
        {
          "schema_version": 0,
          "attributes": {
            "arn": "arn:aws:ec2:us-east-1:271102177601:launch-template/lt-0d1281e0fdffdb1d3",
            "block_device_mappings": [],
            "capacity_reservation_specification": [],
            "cpu_options": [],
            "credit_specification": [],
            "default_version": 1,
            "description": "",
            "disable_api_termination": false,
            "ebs_optimized": "",
            "elastic_gpu_specifications": [],
            "elastic_inference_accelerator": [],
            "enclave_options": [],
            "hibernation_options": [],
            "iam_instance_profile": [],
            "id": "lt-0d1281e0fdffdb1d3",
            "image_id": "ami-007855ac798b5175e",
            "instance_initiated_shutdown_behavior": "",
            "instance_market_options": [],
            "instance_type": "t2.micro",
            "kernel_id": "",
            "key_name": "rockemsockem",
            "latest_version": 1,
            "license_specification": [],
            "metadata_options": [],
            "monitoring": [],
            "name": "asg-nginx-t2micro20230506235741860500000001",
            "name_prefix": "asg-nginx-t2micro",
            "network_interfaces": [],
            "placement": [],
            "ram_disk_id": "",
            "security_group_names": null,
            "tag_specifications": [],
            "tags": null,
            "tags_all": {},
            "update_default_version": null,
            "user_data": "IyEvYmluL2Jhc2ggLXgKc2V0IC1lCgpzdWRvIGFwdCB1cGRhdGUKc3VkbyBhcHQgaW5zdGFsbCAteSBuZ2lueAoKY2F0IDw8IEVPRiA+IC9ob21lL3VidW50dS90ZXN0LnR4dAovLyBBUkNISVZPIERFIFBSVUVCQQogICBDb250ZW5pZG8gZGVsIGFyY2hpdm8gZGUgdGV4dG8uCi8vIEZJTiBERSBBUkNISVZPIERFIFBSVUVCQQpFT0Y=",
            "vpc_security_group_ids": [
              "sg-0dd3eea8f341ed825"
            ]
          },
          "sensitive_attributes": [],
          "private": "bnVsbA==",
          "dependencies": [
            "aws_security_group.sg_lb",
            "aws_security_group.sg_service"
          ]
        }
      ]
    },
    {
      "mode": "managed",
      "type": "aws_lb",
      "name": "load_balancer",
      "provider": "provider[\"registry.terraform.io/hashicorp/aws\"]",
      "instances": [
        {
          "schema_version": 0,
          "attributes": {
            "access_logs": [
              {
                "bucket": "",
                "enabled": false,
                "prefix": ""
              }
            ],
            "arn": "arn:aws:elasticloadbalancing:us-east-1:271102177601:loadbalancer/app/elb-nginx/718e555a0296d1fb",
            "arn_suffix": "app/elb-nginx/718e555a0296d1fb",
            "customer_owned_ipv4_pool": "",
            "desync_mitigation_mode": "defensive",
            "dns_name": "elb-nginx-761406273.us-east-1.elb.amazonaws.com",
            "drop_invalid_header_fields": false,
            "enable_cross_zone_load_balancing": true,
            "enable_deletion_protection": false,
            "enable_http2": true,
            "enable_waf_fail_open": false,
            "id": "arn:aws:elasticloadbalancing:us-east-1:271102177601:loadbalancer/app/elb-nginx/718e555a0296d1fb",
            "idle_timeout": 60,
            "internal": false,
            "ip_address_type": "ipv4",
            "load_balancer_type": "application",
            "name": "elb-nginx",
            "name_prefix": null,
            "security_groups": [
              "sg-02aa1ad63376ef3a1"
            ],
            "subnet_mapping": [
              {
                "allocation_id": "",
                "ipv6_address": "",
                "outpost_id": "",
                "private_ipv4_address": "",
                "subnet_id": "subnet-0125797a3800ec988"
              },
              {
                "allocation_id": "",
                "ipv6_address": "",
                "outpost_id": "",
                "private_ipv4_address": "",
                "subnet_id": "subnet-0248e948caf00b94a"
              },
              {
                "allocation_id": "",
                "ipv6_address": "",
                "outpost_id": "",
                "private_ipv4_address": "",
                "subnet_id": "subnet-066e72b702bd0a46a"
              }
            ],
            "subnets": [
              "subnet-0125797a3800ec988",
              "subnet-0248e948caf00b94a",
              "subnet-066e72b702bd0a46a"
            ],
            "tags": {
              "Creator": "Terraform",
              "Entity": "The Automation Rules",
              "Name": "elb-nginx"
            },
            "tags_all": {
              "Creator": "Terraform",
              "Entity": "The Automation Rules",
              "Name": "elb-nginx"
            },
            "timeouts": null,
            "vpc_id": "vpc-050681a9e5ead62f1",
            "zone_id": "Z35SXDOTRQ7X7K"
          },
          "sensitive_attributes": [],
          "private": "eyJlMmJmYjczMC1lY2FhLTExZTYtOGY4OC0zNDM2M2JjN2M0YzAiOnsiY3JlYXRlIjo2MDAwMDAwMDAwMDAsImRlbGV0ZSI6NjAwMDAwMDAwMDAwLCJ1cGRhdGUiOjYwMDAwMDAwMDAwMH19",
          "dependencies": [
            "aws_autoscaling_group.as-ubuntu",
            "aws_launch_template.asg-template-t2micro",
            "aws_security_group.sg_lb",
            "aws_security_group.sg_service"
          ]
        }
      ]
    },
    {
      "mode": "managed",
      "type": "aws_lb_listener",
      "name": "front_end_80",
      "provider": "provider[\"registry.terraform.io/hashicorp/aws\"]",
      "instances": [
        {
          "schema_version": 0,
          "attributes": {
            "alpn_policy": null,
            "arn": "arn:aws:elasticloadbalancing:us-east-1:271102177601:listener/app/elb-nginx/718e555a0296d1fb/f6add8c105ff0695",
            "certificate_arn": null,
            "default_action": [
              {
                "authenticate_cognito": [],
                "authenticate_oidc": [],
                "fixed_response": [],
                "forward": [],
                "order": 1,
                "redirect": [],
                "target_group_arn": "arn:aws:elasticloadbalancing:us-east-1:271102177601:targetgroup/tg-nginx/2020c2f4e66ccef9",
                "type": "forward"
              }
            ],
            "id": "arn:aws:elasticloadbalancing:us-east-1:271102177601:listener/app/elb-nginx/718e555a0296d1fb/f6add8c105ff0695",
            "load_balancer_arn": "arn:aws:elasticloadbalancing:us-east-1:271102177601:loadbalancer/app/elb-nginx/718e555a0296d1fb",
            "port": 80,
            "protocol": "HTTP",
            "ssl_policy": "",
            "tags": null,
            "tags_all": {},
            "timeouts": null
          },
          "sensitive_attributes": [],
          "private": "eyJlMmJmYjczMC1lY2FhLTExZTYtOGY4OC0zNDM2M2JjN2M0YzAiOnsicmVhZCI6NjAwMDAwMDAwMDAwfX0=",
          "dependencies": [
            "aws_autoscaling_group.as-ubuntu",
            "aws_launch_template.asg-template-t2micro",
            "aws_lb.load_balancer",
            "aws_lb_target_group.lb_target",
            "aws_security_group.sg_lb",
            "aws_security_group.sg_service"
          ]
        }
      ]
    },
    {
      "mode": "managed",
      "type": "aws_lb_listener",
      "name": "front_end_8080",
      "provider": "provider[\"registry.terraform.io/hashicorp/aws\"]",
      "instances": [
        {
          "schema_version": 0,
          "attributes": {
            "alpn_policy": null,
            "arn": "arn:aws:elasticloadbalancing:us-east-1:271102177601:listener/app/elb-nginx/718e555a0296d1fb/fc66f7800df8dc7a",
            "certificate_arn": null,
            "default_action": [
              {
                "authenticate_cognito": [],
                "authenticate_oidc": [],
                "fixed_response": [],
                "forward": [],
                "order": 1,
                "redirect": [],
                "target_group_arn": "arn:aws:elasticloadbalancing:us-east-1:271102177601:targetgroup/tg-nginx/2020c2f4e66ccef9",
                "type": "forward"
              }
            ],
            "id": "arn:aws:elasticloadbalancing:us-east-1:271102177601:listener/app/elb-nginx/718e555a0296d1fb/fc66f7800df8dc7a",
            "load_balancer_arn": "arn:aws:elasticloadbalancing:us-east-1:271102177601:loadbalancer/app/elb-nginx/718e555a0296d1fb",
            "port": 8080,
            "protocol": "HTTP",
            "ssl_policy": "",
            "tags": null,
            "tags_all": {},
            "timeouts": null
          },
          "sensitive_attributes": [],
          "private": "eyJlMmJmYjczMC1lY2FhLTExZTYtOGY4OC0zNDM2M2JjN2M0YzAiOnsicmVhZCI6NjAwMDAwMDAwMDAwfX0=",
          "dependencies": [
            "aws_autoscaling_group.as-ubuntu",
            "aws_launch_template.asg-template-t2micro",
            "aws_lb.load_balancer",
            "aws_lb_target_group.lb_target",
            "aws_security_group.sg_lb",
            "aws_security_group.sg_service"
          ]
        }
      ]
    },
    {
      "mode": "managed",
      "type": "aws_lb_target_group",
      "name": "lb_target",
      "provider": "provider[\"registry.terraform.io/hashicorp/aws\"]",
      "instances": [
        {
          "schema_version": 0,
          "attributes": {
            "arn": "arn:aws:elasticloadbalancing:us-east-1:271102177601:targetgroup/tg-nginx/2020c2f4e66ccef9",
            "arn_suffix": "targetgroup/tg-nginx/2020c2f4e66ccef9",
            "connection_termination": false,
            "deregistration_delay": "300",
            "health_check": [
              {
                "enabled": true,
                "healthy_threshold": 5,
                "interval": 30,
                "matcher": "200",
                "path": "/",
                "port": "traffic-port",
                "protocol": "HTTP",
                "timeout": 5,
                "unhealthy_threshold": 2
              }
            ],
            "id": "arn:aws:elasticloadbalancing:us-east-1:271102177601:targetgroup/tg-nginx/2020c2f4e66ccef9",
            "lambda_multi_value_headers_enabled": false,
            "load_balancing_algorithm_type": "round_robin",
            "name": "tg-nginx",
            "name_prefix": null,
            "port": 80,
            "preserve_client_ip": null,
            "protocol": "HTTP",
            "protocol_version": "HTTP1",
            "proxy_protocol_v2": false,
            "slow_start": 0,
            "stickiness": [
              {
                "cookie_duration": 86400,
                "cookie_name": "",
                "enabled": false,
                "type": "lb_cookie"
              }
            ],
            "tags": null,
            "tags_all": {},
            "target_type": "instance",
            "vpc_id": "vpc-050681a9e5ead62f1"
          },
          "sensitive_attributes": [],
          "private": "bnVsbA==",
          "dependencies": [
            "aws_autoscaling_group.as-ubuntu",
            "aws_launch_template.asg-template-t2micro",
            "aws_lb.load_balancer",
            "aws_security_group.sg_lb",
            "aws_security_group.sg_service"
          ]
        }
      ]
    },
    {
      "mode": "managed",
      "type": "aws_security_group",
      "name": "sg_lb",
      "provider": "provider[\"registry.terraform.io/hashicorp/aws\"]",
      "instances": [
        {
          "schema_version": 1,
          "attributes": {
            "arn": "arn:aws:ec2:us-east-1:271102177601:security-group/sg-02aa1ad63376ef3a1",
            "description": "ALB - Security Group",
            "egress": [
              {
                "cidr_blocks": [
                  "0.0.0.0/0"
                ],
                "description": "",
                "from_port": 0,
                "ipv6_cidr_blocks": [],
                "prefix_list_ids": [],
                "protocol": "-1",
                "security_groups": [],
                "self": false,
                "to_port": 0
              }
            ],
            "id": "sg-02aa1ad63376ef3a1",
            "ingress": [
              {
                "cidr_blocks": [
                  "0.0.0.0/0"
                ],
                "description": "Habilita el acceso HTTP al puerto 80",
                "from_port": 80,
                "ipv6_cidr_blocks": [],
                "prefix_list_ids": [],
                "protocol": "tcp",
                "security_groups": [],
                "self": false,
                "to_port": 80
              },
              {
                "cidr_blocks": [
                  "0.0.0.0/0"
                ],
                "description": "Habilita el acceso HTTP al puerto 8080",
                "from_port": 8080,
                "ipv6_cidr_blocks": [],
                "prefix_list_ids": [],
                "protocol": "tcp",
                "security_groups": [],
                "self": false,
                "to_port": 8080
              }
            ],
            "name": "sg_lb_us-east-1_001",
            "name_prefix": "",
            "owner_id": "271102177601",
            "revoke_rules_on_delete": false,
            "tags": {
              "Creator": "Terraform",
              "Name": "sg_lb_us-east-1_001"
            },
            "tags_all": {
              "Creator": "Terraform",
              "Name": "sg_lb_us-east-1_001"
            },
            "timeouts": null,
            "vpc_id": "vpc-050681a9e5ead62f1"
          },
          "sensitive_attributes": [],
          "private": "eyJlMmJmYjczMC1lY2FhLTExZTYtOGY4OC0zNDM2M2JjN2M0YzAiOnsiY3JlYXRlIjo2MDAwMDAwMDAwMDAsImRlbGV0ZSI6OTAwMDAwMDAwMDAwfSwic2NoZW1hX3ZlcnNpb24iOiIxIn0="
        }
      ]
    },
    {
      "mode": "managed",
      "type": "aws_security_group",
      "name": "sg_service",
      "provider": "provider[\"registry.terraform.io/hashicorp/aws\"]",
      "instances": [
        {
          "schema_version": 1,
          "attributes": {
            "arn": "arn:aws:ec2:us-east-1:271102177601:security-group/sg-0dd3eea8f341ed825",
            "description": "nginx - Security Group",
            "egress": [
              {
                "cidr_blocks": [
                  "0.0.0.0/0"
                ],
                "description": "",
                "from_port": 0,
                "ipv6_cidr_blocks": [],
                "prefix_list_ids": [],
                "protocol": "-1",
                "security_groups": [],
                "self": false,
                "to_port": 0
              }
            ],
            "id": "sg-0dd3eea8f341ed825",
            "ingress": [
              {
                "cidr_blocks": [],
                "description": "Habilita el acceso HTTP al puerto 80",
                "from_port": 80,
                "ipv6_cidr_blocks": [],
                "prefix_list_ids": [],
                "protocol": "tcp",
                "security_groups": [
                  "sg-02aa1ad63376ef3a1"
                ],
                "self": false,
                "to_port": 80
              },
              {
                "cidr_blocks": [],
                "description": "Habilita el acceso HTTP al puerto 8080",
                "from_port": 8080,
                "ipv6_cidr_blocks": [],
                "prefix_list_ids": [],
                "protocol": "tcp",
                "security_groups": [
                  "sg-02aa1ad63376ef3a1"
                ],
                "self": false,
                "to_port": 8080
              }
            ],
            "name": "sg_staging_us-east_nginx_001",
            "name_prefix": "",
            "owner_id": "271102177601",
            "revoke_rules_on_delete": false,
            "tags": {
              "Creator": "Terraform",
              "Name": "sg_staging_us-east-1_nginx_001"
            },
            "tags_all": {
              "Creator": "Terraform",
              "Name": "sg_staging_us-east-1_nginx_001"
            },
            "timeouts": null,
            "vpc_id": "vpc-050681a9e5ead62f1"
          },
          "sensitive_attributes": [],
          "private": "eyJlMmJmYjczMC1lY2FhLTExZTYtOGY4OC0zNDM2M2JjN2M0YzAiOnsiY3JlYXRlIjo2MDAwMDAwMDAwMDAsImRlbGV0ZSI6OTAwMDAwMDAwMDAwfSwic2NoZW1hX3ZlcnNpb24iOiIxIn0=",
          "dependencies": [
            "aws_security_group.sg_lb"
          ]
        }
      ]
    }
  ],
  "check_results": null
}
